<?xml version="1.0" encoding="utf-8"?>
<Project ToolsVersion="4.0" xmlns="http://schemas.microsoft.com/developer/msbuild/2003">
  <ItemGroup>
    <Filter Include="Source Files">
      <UniqueIdentifier>{4FC737F1-C7A5-4376-A066-2A32D752A2FF}</UniqueIdentifier>
      <Extensions>cpp;c;cc;cxx;c++;cppm;ixx;def;odl;idl;hpj;bat;asm;asmx</Extensions>
    </Filter>
    <Filter Include="Header Files">
      <UniqueIdentifier>{93995380-89BD-4b04-88EB-625FBE52EBFB}</UniqueIdentifier>
      <Extensions>h;hh;hpp;hxx;h++;hm;inl;inc;ipp;xsd</Extensions>
    </Filter>
    <Filter Include="Resource Files">
      <UniqueIdentifier>{67DA6AB6-F800-4c08-8B7A-83BB121AAD01}</UniqueIdentifier>
      <Extensions>rc;ico;cur;bmp;dlg;rc2;rct;bin;rgs;gif;jpg;jpeg;jpe;resx;tiff;tif;png;wav;mfcribbon-ms</Extensions>
    </Filter>
  </ItemGroup>
  <ItemGroup>
    <ClCompile Include="practice\01gettting_started\hello_triangle.cpp">
      <Filter>Source Files</Filter>
    </ClCompile>
    <ClCompile Include="locallibs\stb_image.cpp">
      <Filter>Source Files</Filter>
    </ClCompile>
    <ClCompile Include="..\LibraryOrigin\glad\src\glad.c">
      <Filter>Source Files</Filter>
    </ClCompile>
    <ClCompile Include="practice\01gettting_started\hello_triangle_exercise.cpp">
      <Filter>Source Files</Filter>
    </ClCompile>
    <ClCompile Include="practice\01gettting_started\textures.cpp">
      <Filter>Source Files</Filter>
    </ClCompile>
    <ClCompile Include="practice\01gettting_started\camera_class.cpp">
      <Filter>Source Files</Filter>
    </ClCompile>
    <ClCompile Include="practice\02lighting\1.colors\colors.cpp">
      <Filter>Source Files</Filter>
    </ClCompile>
    <ClCompile Include="practice\02lighting\2.phong\02LightMap\lightmaplighting.cpp">
      <Filter>Source Files</Filter>
    </ClCompile>
    <ClCompile Include="practice\02lighting\3.lighttypes\directionlight\directionlight.cpp">
      <Filter>Source Files</Filter>
    </ClCompile>
    <ClCompile Include="practice\02lighting\3.lighttypes\pointlight\pointlight.cpp">
      <Filter>Source Files</Filter>
    </ClCompile>
    <ClCompile Include="practice\02lighting\3.lighttypes\spotlight\spotlight.cpp">
      <Filter>Source Files</Filter>
    </ClCompile>
    <ClCompile Include="practice\03model\model.cpp">
      <Filter>Source Files</Filter>
    </ClCompile>
    <ClCompile Include="practice\01gettting_started\exercise.cpp">
      <Filter>Source Files</Filter>
    </ClCompile>
    <ClCompile Include="locallibs\imgui\imgui.cpp">
      <Filter>Source Files</Filter>
    </ClCompile>
    <ClCompile Include="locallibs\imgui\imgui_demo.cpp">
      <Filter>Source Files</Filter>
    </ClCompile>
    <ClCompile Include="locallibs\imgui\imgui_draw.cpp">
      <Filter>Source Files</Filter>
    </ClCompile>
    <ClCompile Include="locallibs\imgui\imgui_impl_glfw.cpp">
      <Filter>Source Files</Filter>
    </ClCompile>
    <ClCompile Include="locallibs\imgui\imgui_impl_opengl3.cpp">
      <Filter>Source Files</Filter>
    </ClCompile>
    <ClCompile Include="locallibs\imgui\imgui_tables.cpp">
      <Filter>Source Files</Filter>
    </ClCompile>
    <ClCompile Include="locallibs\imgui\imgui_widgets.cpp">
      <Filter>Source Files</Filter>
    </ClCompile>
    <ClCompile Include="practice\01gettting_started\shader_exercese.cpp">
      <Filter>Source Files</Filter>
    </ClCompile>
    <ClCompile Include="practice\01gettting_started\transform.cpp">
      <Filter>Source Files</Filter>
    </ClCompile>
    <ClCompile Include="practice\01gettting_started\mvp.cpp">
      <Filter>Source Files</Filter>
    </ClCompile>
    <ClCompile Include="practice\01gettting_started\camera_exercise.cpp">
      <Filter>Source Files</Filter>
    </ClCompile>
    <ClCompile Include="practice\02lighting\2.phong\01PhongLight\phong_diffuse.cpp">
      <Filter>Source Files</Filter>
    </ClCompile>
    <ClCompile Include="practice\02lighting\2.phong\01PhongLight\phong_specular.cpp">
      <Filter>Source Files</Filter>
    </ClCompile>
    <ClCompile Include="practice\02lighting\2.phong\01PhongLight\phong_comprehensive.cpp">
      <Filter>Source Files</Filter>
    </ClCompile>
    <ClCompile Include="practice\02lighting\3.lighttypes\comprehensive.cpp">
      <Filter>Source Files</Filter>
    </ClCompile>
    <ClCompile Include="practice\02lighting\2.phong\Material\material.cpp">
      <Filter>Source Files</Filter>
    </ClCompile>

  </ItemGroup>
  <ItemGroup>
    <ClInclude Include="locallibs\stb_image.h">
      <Filter>Header Files</Filter>
    </ClInclude>
    <ClInclude Include="locallibs\shader_s.h">
      <Filter>Header Files</Filter>
    </ClInclude>
    <ClInclude Include="locallibs\camera.h">
      <Filter>Header Files</Filter>
    </ClInclude>
    <ClInclude Include="locallibs\mesh.h">
      <Filter>Header Files</Filter>
    </ClInclude>
    <ClInclude Include="locallibs\model.h">
      <Filter>Header Files</Filter>
    </ClInclude>
    <ClInclude Include="locallibs\imgui\imconfig.h">
      <Filter>Header Files</Filter>
    </ClInclude>
    <ClInclude Include="locallibs\imgui\imgui.h">
      <Filter>Header Files</Filter>
    </ClInclude>
    <ClInclude Include="locallibs\imgui\imgui_impl_glfw.h">
      <Filter>Header Files</Filter>
    </ClInclude>
    <ClInclude Include="locallibs\imgui\imgui_impl_opengl3.h">
      <Filter>Header Files</Filter>
    </ClInclude>
    <ClInclude Include="locallibs\imgui\imgui_impl_opengl3_loader.h">
      <Filter>Header Files</Filter>
    </ClInclude>
    <ClInclude Include="locallibs\imgui\imgui_internal.h">
      <Filter>Header Files</Filter>
    </ClInclude>
    <ClInclude Include="locallibs\imgui\imstb_rectpack.h">
      <Filter>Header Files</Filter>
    </ClInclude>
    <ClInclude Include="locallibs\imgui\imstb_textedit.h">
      <Filter>Header Files</Filter>
    </ClInclude>
    <ClInclude Include="locallibs\imgui\imstb_truetype.h">
      <Filter>Header Files</Filter>
    </ClInclude>
    <ClInclude Include="locallibs\imgui_helper.h">
      <Filter>Header Files</Filter>
    </ClInclude>
    <ClInclude Include="locallibs\imgloder.h">
      <Filter>Header Files</Filter>
    </ClInclude>
    <ClInclude Include="resources\fun_description_documentation.h">
      <Filter>Header Files</Filter>
    </ClInclude>
  </ItemGroup>
  <ItemGroup>
    <None Include="practice\01gettting_started\texture.fs" />
    <None Include="practice\01gettting_started\texture.vs" />
    <None Include="practice\01gettting_started\camera.fs" />
    <None Include="practice\01gettting_started\camera.vs" />
    <None Include="practice\02lighting\1.colors\1.colors.fs" />
    <None Include="practice\02lighting\1.colors\1.colors.vs" />
    <None Include="practice\02lighting\1.colors\1.light_cube.fs" />
    <None Include="practice\02lighting\1.colors\1.light_cube.vs" />
    <None Include="practice\02lighting\2.phong\02LightMap\lightmap.fs" />
    <None Include="practice\02lighting\2.phong\02LightMap\lightmap.vs" />
    <None Include="practice\02lighting\3.lighttypes\directionlight\directionlight.vs" />
    <None Include="practice\02lighting\3.lighttypes\directionlight\directionlight.fs" />
    <None Include="practice\02lighting\3.lighttypes\pointlight\pointlight.vs" />
    <None Include="practice\02lighting\3.lighttypes\pointlight\pointlight.fs" />
    <None Include="practice\02lighting\3.lighttypes\spotlight\spot_light.vs" />
    <None Include="practice\02lighting\3.lighttypes\spotlight\spot_light.fs" />
    <None Include="practice\03model\1.model_loading.fs" />
    <None Include="practice\03model\1.model_loading.vs" />
    <None Include="practice\01gettting_started\exercise.fs" />
    <None Include="practice\01gettting_started\exercise.vs" />
    <None Include="practice\01gettting_started\transform.vs" />
    <None Include="practice\01gettting_started\transform.fs" />
    <None Include="practice\02lighting\2.phong\01PhongLight\phong_diffuse.vs" />
    <None Include="practice\02lighting\2.phong\01PhongLight\phong_diffuse.fs" />
    <None Include="practice\02lighting\2.phong\01PhongLight\phong_specular.vs" />
    <None Include="practice\02lighting\2.phong\01PhongLight\phong_specular.fs" />
    <None Include="practice\02lighting\2.phong\01PhongLight\phong_comprehensive.vs" />
    <None Include="practice\02lighting\2.phong\01PhongLight\phong_comprehensive.fs" />
    <None Include="practice\02lighting\3.lighttypes\comprehensive.vs" />
    <None Include="practice\02lighting\3.lighttypes\comprehensive.fs" />
    <None Include="practice\02lighting\2.phong\Material\material.vs" />
    <None Include="practice\02lighting\2.phong\Material\material.fs" />

  </ItemGroup>
</Project>